
Microsoft Visual Studio Solution File, Format Version 12.00
# Visual Studio 2012
Project("{FAE04EC0-301F-11D3-BF4B-00C04F79EFBC}") = "NancyService", "NancyService.csproj", "{4AF6C263-9BAA-4C88-B496-BBF79F8CDD37}"
EndProject
Global
	GlobalSection(CodealikeProperties) = postSolution
		SolutionGuid = f73cdd3c-9e52-4164-ae9c-86f8698cbbd9
	EndGlobalSection
	GlobalSection(SolutionConfigurationPlatforms) = preSolution
		Debug|Any CPU = Debug|Any CPU
		Release|Any CPU = Release|Any CPU
	EndGlobalSection
	GlobalSection(ProjectConfigurationPlatforms) = postSolution
		{4AF6C263-9BAA-4C88-B496-BBF79F8CDD37}.Debug|Any CPU.ActiveCfg = Debug|Any CPU
		{4AF6C263-9BAA-4C88-B496-BBF79F8CDD37}.Debug|Any CPU.Build.0 = Debug|Any CPU
		{4AF6C263-9BAA-4C88-B496-BBF79F8CDD37}.Release|Any CPU.ActiveCfg = Release|Any CPU
		{4AF6C263-9BAA-4C88-B496-BBF79F8CDD37}.Release|Any CPU.Build.0 = Release|Any CPU
	EndGlobalSection
	GlobalSection(SolutionProperties) = preSolution
		HideSolutionNode = FALSE
	EndGlobalSection
EndGlobal
